{
  "object": {
    "pins": [
      {
        "package": "CFURLSessionInterface",
        "repositoryURL": "https://github.com/zhtut/CFURLSessionInterface.git",
        "state": {
          "branch": null,
          "revision": "8a7797bcbd485a47cc7e24e0e1e008744af07009",
          "version": "0.2.0"
        }
      },
      {
        "package": "curl",
        "repositoryURL": "https://github.com/zhtut/curl.git",
        "state": {
          "branch": null,
          "revision": "6303003de3276c3dd1644ffb99840e3d19bc15f7",
          "version": "8.0.1"
        }
      }
    ]
  },
  "version": 1
}
