{
  "object": {
    "pins": [
      {
        "package": "CFURLSessionInterface",
        "repositoryURL": "https://github.com/zhtut/CFURLSessionInterface.git",
        "state": {
          "branch": null,
          "revision": "1a12fa7aface2df64b6cf366a06ba5a8ee7d9c57",
          "version": "0.1.6"
        }
      },
      {
        "package": "curl",
        "repositoryURL": "https://github.com/zhtut/curl.git",
        "state": {
          "branch": null,
          "revision": "809ccc90265c0e6989d6581f9eec19c27aeedf04",
          "version": "7.88.1"
        }
      }
    ]
  },
  "version": 1
}
